
Microsoft Visual Studio Solution File, Format Version 12.00
# Visual Studio Version 16
VisualStudioVersion = 16.0.33927.289
MinimumVisualStudioVersion = 10.0.40219.1
Project("{2150E333-8FDC-42A3-9474-1A3956D46DE8}") = "Task0", "Task0", "{C2BF0AB1-8EB8-4EEE-BDF8-791E68AAFD3A}"
EndProject
Project("{FAE04EC0-301F-11D3-BF4B-00C04F79EFBC}") = "Tyuiu.SmirnovMN.Sprint2.Task0.V27", "Tyuiu.SmirnovMN.Sprint2.Task0.V27\Tyuiu.SmirnovMN.Sprint2.Task0.V27.csproj", "{7824DF75-D018-4265-918B-DDE86EB10FC1}"
EndProject
Project("{FAE04EC0-301F-11D3-BF4B-00C04F79EFBC}") = "Tyuiu.SmirnovMN.Sprint2.Task0.V27.Test", "Tyuiu.SmirnovMN.Sprint2.Task0.V27.Test\Tyuiu.SmirnovMN.Sprint2.Task0.V27.Test.csproj", "{7A82F462-3D92-489A-A55A-8F633945681A}"
EndProject
Project("{FAE04EC0-301F-11D3-BF4B-00C04F79EFBC}") = "Tyuiu.SmirnovMN.Sprint2.Task0.V27.Lib", "Tyuiu.SmirnovMN.Sprint2.Task0.V27.Lib\Tyuiu.SmirnovMN.Sprint2.Task0.V27.Lib.csproj", "{4E5F7E42-9C16-43A9-B20B-A3A82DC3D055}"
EndProject
Project("{2150E333-8FDC-42A3-9474-1A3956D46DE8}") = "Task1", "Task1", "{D44D1E95-8E90-4E50-8F55-636E6404A192}"
EndProject
Project("{FAE04EC0-301F-11D3-BF4B-00C04F79EFBC}") = "Tyuiu.SmirnovMN.Sprint1.Task1.V8", "Tyuiu.SmirnovMN.Sprint1.Task1.V8\Tyuiu.SmirnovMN.Sprint1.Task1.V8.csproj", "{20677FE2-CD6D-40CD-A109-0F9C8C8507B2}"
EndProject
Project("{FAE04EC0-301F-11D3-BF4B-00C04F79EFBC}") = "Tyuiu.SmirnovMN.Sprint1.Task1.V8.Test", "Tyuiu.SmirnovMN.Sprint1.Task1.V8.Test\Tyuiu.SmirnovMN.Sprint1.Task1.V8.Test.csproj", "{75EA2026-F650-42BA-92BB-0A070EE455D1}"
EndProject
Project("{FAE04EC0-301F-11D3-BF4B-00C04F79EFBC}") = "Tyuiu.SmirnovMN.Sprint1.Task1.V8.Lib", "Tyuiu.SmirnovMN.Sprint1.Task1.V8.Lib\Tyuiu.SmirnovMN.Sprint1.Task1.V8.Lib.csproj", "{74A84A0B-E33B-457E-A769-282BCFAE4953}"
EndProject
Project("{2150E333-8FDC-42A3-9474-1A3956D46DE8}") = "Task2", "Task2", "{D64438BC-D4BA-4EB8-A81C-F63FC0C3D660}"
EndProject
Project("{FAE04EC0-301F-11D3-BF4B-00C04F79EFBC}") = "Tyuiu.SmirnovMN.Sprint2.Task2.V15", "Tyuiu.SmirnovMN.Sprint2.Task2.V15\Tyuiu.SmirnovMN.Sprint2.Task2.V15.csproj", "{0EEF148D-61FE-4C6B-AA81-B7837F48F717}"
EndProject
Project("{FAE04EC0-301F-11D3-BF4B-00C04F79EFBC}") = "Tyuiu.SmirnovMN.Sprint2.Task2.V15.Test", "Tyuiu.SmirnovMN.Sprint2.Task2.V15.Test\Tyuiu.SmirnovMN.Sprint2.Task2.V15.Test.csproj", "{9E0582B8-7D0E-45E0-9A83-7EF8C458BFE1}"
EndProject
Project("{FAE04EC0-301F-11D3-BF4B-00C04F79EFBC}") = "Tyuiu.SmirnovMN.Sprint2.Task2.V15.Lib", "Tyuiu.SmirnovMN.Sprint2.Task2.V15.Lib\Tyuiu.SmirnovMN.Sprint2.Task2.V15.Lib.csproj", "{2F2AC437-417D-41FF-99F4-953259AA82E7}"
EndProject
Project("{2150E333-8FDC-42A3-9474-1A3956D46DE8}") = "Task3", "Task3", "{EBF0D553-979A-4A27-A4FB-4EE132F64F98}"
EndProject
Project("{FAE04EC0-301F-11D3-BF4B-00C04F79EFBC}") = "Tyuiu.SmirnovMN.Sprint2.Task3.V14", "Tyuiu.SmirnovMN.Sprint2.Task3.V14\Tyuiu.SmirnovMN.Sprint2.Task3.V14.csproj", "{432C625F-A1B2-4CF1-BCC3-A8CBB97C7D87}"
EndProject
Project("{FAE04EC0-301F-11D3-BF4B-00C04F79EFBC}") = "Tyuiu.SmirnovMN.Sprint2.Task3.V14.Test", "Tyuiu.SmirnovMN.Sprint2.Task3.V14.Test\Tyuiu.SmirnovMN.Sprint2.Task3.V14.Test.csproj", "{C6650653-61A1-4CDA-9708-0D45406D8EE6}"
EndProject
Project("{FAE04EC0-301F-11D3-BF4B-00C04F79EFBC}") = "Tyuiu.SmirnovMN.Sprint2.Task3.V14.Lib", "Tyuiu.SmirnovMN.Sprint2.Task3.V14.Lib\Tyuiu.SmirnovMN.Sprint2.Task3.V14.Lib.csproj", "{0DD40F01-D7CD-499F-BBB7-F485EA732EDA}"
EndProject
Global
	GlobalSection(SolutionConfigurationPlatforms) = preSolution
		Debug|Any CPU = Debug|Any CPU
		Release|Any CPU = Release|Any CPU
	EndGlobalSection
	GlobalSection(ProjectConfigurationPlatforms) = postSolution
		{7824DF75-D018-4265-918B-DDE86EB10FC1}.Debug|Any CPU.ActiveCfg = Debug|Any CPU
		{7824DF75-D018-4265-918B-DDE86EB10FC1}.Debug|Any CPU.Build.0 = Debug|Any CPU
		{7824DF75-D018-4265-918B-DDE86EB10FC1}.Release|Any CPU.ActiveCfg = Release|Any CPU
		{7824DF75-D018-4265-918B-DDE86EB10FC1}.Release|Any CPU.Build.0 = Release|Any CPU
		{7A82F462-3D92-489A-A55A-8F633945681A}.Debug|Any CPU.ActiveCfg = Debug|Any CPU
		{7A82F462-3D92-489A-A55A-8F633945681A}.Debug|Any CPU.Build.0 = Debug|Any CPU
		{7A82F462-3D92-489A-A55A-8F633945681A}.Release|Any CPU.ActiveCfg = Release|Any CPU
		{7A82F462-3D92-489A-A55A-8F633945681A}.Release|Any CPU.Build.0 = Release|Any CPU
		{4E5F7E42-9C16-43A9-B20B-A3A82DC3D055}.Debug|Any CPU.ActiveCfg = Debug|Any CPU
		{4E5F7E42-9C16-43A9-B20B-A3A82DC3D055}.Debug|Any CPU.Build.0 = Debug|Any CPU
		{4E5F7E42-9C16-43A9-B20B-A3A82DC3D055}.Release|Any CPU.ActiveCfg = Release|Any CPU
		{4E5F7E42-9C16-43A9-B20B-A3A82DC3D055}.Release|Any CPU.Build.0 = Release|Any CPU
		{20677FE2-CD6D-40CD-A109-0F9C8C8507B2}.Debug|Any CPU.ActiveCfg = Debug|Any CPU
		{20677FE2-CD6D-40CD-A109-0F9C8C8507B2}.Debug|Any CPU.Build.0 = Debug|Any CPU
		{20677FE2-CD6D-40CD-A109-0F9C8C8507B2}.Release|Any CPU.ActiveCfg = Release|Any CPU
		{20677FE2-CD6D-40CD-A109-0F9C8C8507B2}.Release|Any CPU.Build.0 = Release|Any CPU
		{75EA2026-F650-42BA-92BB-0A070EE455D1}.Debug|Any CPU.ActiveCfg = Debug|Any CPU
		{75EA2026-F650-42BA-92BB-0A070EE455D1}.Debug|Any CPU.Build.0 = Debug|Any CPU
		{75EA2026-F650-42BA-92BB-0A070EE455D1}.Release|Any CPU.ActiveCfg = Release|Any CPU
		{75EA2026-F650-42BA-92BB-0A070EE455D1}.Release|Any CPU.Build.0 = Release|Any CPU
		{74A84A0B-E33B-457E-A769-282BCFAE4953}.Debug|Any CPU.ActiveCfg = Debug|Any CPU
		{74A84A0B-E33B-457E-A769-282BCFAE4953}.Debug|Any CPU.Build.0 = Debug|Any CPU
		{74A84A0B-E33B-457E-A769-282BCFAE4953}.Release|Any CPU.ActiveCfg = Release|Any CPU
		{74A84A0B-E33B-457E-A769-282BCFAE4953}.Release|Any CPU.Build.0 = Release|Any CPU
		{0EEF148D-61FE-4C6B-AA81-B7837F48F717}.Debug|Any CPU.ActiveCfg = Debug|Any CPU
		{0EEF148D-61FE-4C6B-AA81-B7837F48F717}.Debug|Any CPU.Build.0 = Debug|Any CPU
		{0EEF148D-61FE-4C6B-AA81-B7837F48F717}.Release|Any CPU.ActiveCfg = Release|Any CPU
		{0EEF148D-61FE-4C6B-AA81-B7837F48F717}.Release|Any CPU.Build.0 = Release|Any CPU
		{9E0582B8-7D0E-45E0-9A83-7EF8C458BFE1}.Debug|Any CPU.ActiveCfg = Debug|Any CPU
		{9E0582B8-7D0E-45E0-9A83-7EF8C458BFE1}.Debug|Any CPU.Build.0 = Debug|Any CPU
		{9E0582B8-7D0E-45E0-9A83-7EF8C458BFE1}.Release|Any CPU.ActiveCfg = Release|Any CPU
		{9E0582B8-7D0E-45E0-9A83-7EF8C458BFE1}.Release|Any CPU.Build.0 = Release|Any CPU
		{2F2AC437-417D-41FF-99F4-953259AA82E7}.Debug|Any CPU.ActiveCfg = Debug|Any CPU
		{2F2AC437-417D-41FF-99F4-953259AA82E7}.Debug|Any CPU.Build.0 = Debug|Any CPU
		{2F2AC437-417D-41FF-99F4-953259AA82E7}.Release|Any CPU.ActiveCfg = Release|Any CPU
		{2F2AC437-417D-41FF-99F4-953259AA82E7}.Release|Any CPU.Build.0 = Release|Any CPU
		{432C625F-A1B2-4CF1-BCC3-A8CBB97C7D87}.Debug|Any CPU.ActiveCfg = Debug|Any CPU
		{432C625F-A1B2-4CF1-BCC3-A8CBB97C7D87}.Debug|Any CPU.Build.0 = Debug|Any CPU
		{432C625F-A1B2-4CF1-BCC3-A8CBB97C7D87}.Release|Any CPU.ActiveCfg = Release|Any CPU
		{432C625F-A1B2-4CF1-BCC3-A8CBB97C7D87}.Release|Any CPU.Build.0 = Release|Any CPU
		{C6650653-61A1-4CDA-9708-0D45406D8EE6}.Debug|Any CPU.ActiveCfg = Debug|Any CPU
		{C6650653-61A1-4CDA-9708-0D45406D8EE6}.Debug|Any CPU.Build.0 = Debug|Any CPU
		{C6650653-61A1-4CDA-9708-0D45406D8EE6}.Release|Any CPU.ActiveCfg = Release|Any CPU
		{C6650653-61A1-4CDA-9708-0D45406D8EE6}.Release|Any CPU.Build.0 = Release|Any CPU
		{0DD40F01-D7CD-499F-BBB7-F485EA732EDA}.Debug|Any CPU.ActiveCfg = Debug|Any CPU
		{0DD40F01-D7CD-499F-BBB7-F485EA732EDA}.Debug|Any CPU.Build.0 = Debug|Any CPU
		{0DD40F01-D7CD-499F-BBB7-F485EA732EDA}.Release|Any CPU.ActiveCfg = Release|Any CPU
		{0DD40F01-D7CD-499F-BBB7-F485EA732EDA}.Release|Any CPU.Build.0 = Release|Any CPU
	EndGlobalSection
	GlobalSection(SolutionProperties) = preSolution
		HideSolutionNode = FALSE
	EndGlobalSection
	GlobalSection(NestedProjects) = preSolution
		{7824DF75-D018-4265-918B-DDE86EB10FC1} = {C2BF0AB1-8EB8-4EEE-BDF8-791E68AAFD3A}
		{7A82F462-3D92-489A-A55A-8F633945681A} = {C2BF0AB1-8EB8-4EEE-BDF8-791E68AAFD3A}
		{4E5F7E42-9C16-43A9-B20B-A3A82DC3D055} = {C2BF0AB1-8EB8-4EEE-BDF8-791E68AAFD3A}
		{20677FE2-CD6D-40CD-A109-0F9C8C8507B2} = {D44D1E95-8E90-4E50-8F55-636E6404A192}
		{75EA2026-F650-42BA-92BB-0A070EE455D1} = {D44D1E95-8E90-4E50-8F55-636E6404A192}
		{74A84A0B-E33B-457E-A769-282BCFAE4953} = {D44D1E95-8E90-4E50-8F55-636E6404A192}
		{0EEF148D-61FE-4C6B-AA81-B7837F48F717} = {D64438BC-D4BA-4EB8-A81C-F63FC0C3D660}
		{9E0582B8-7D0E-45E0-9A83-7EF8C458BFE1} = {D64438BC-D4BA-4EB8-A81C-F63FC0C3D660}
		{2F2AC437-417D-41FF-99F4-953259AA82E7} = {D64438BC-D4BA-4EB8-A81C-F63FC0C3D660}
		{432C625F-A1B2-4CF1-BCC3-A8CBB97C7D87} = {EBF0D553-979A-4A27-A4FB-4EE132F64F98}
		{C6650653-61A1-4CDA-9708-0D45406D8EE6} = {EBF0D553-979A-4A27-A4FB-4EE132F64F98}
		{0DD40F01-D7CD-499F-BBB7-F485EA732EDA} = {EBF0D553-979A-4A27-A4FB-4EE132F64F98}
	EndGlobalSection
	GlobalSection(ExtensibilityGlobals) = postSolution
		SolutionGuid = {5EF8CF36-727F-4B58-93FD-E93F372CD2FE}
	EndGlobalSection
EndGlobal
